{
  "nodes": {
    "flakeNimbleLib": {
      "inputs": {
        "nixpkgs": [
          "nixpkgs"
        ]
      },
      "locked": {
        "lastModified": 1662018438,
        "narHash": "sha256-QtNtU6+LX3Wokxf0zlFwKTFOcn6TeDjKQZ+DA9OYtvM=",
        "owner": "riinr",
        "repo": "nim-flakes-lib",
        "rev": "b1fe8340736e3a85d25c709ac3dfd82a55c03cbf",
        "type": "github"
      },
      "original": {
        "owner": "riinr",
        "ref": "master",
        "repo": "nim-flakes-lib",
        "type": "github"
      }
    },
    "nixpkgs": {
      "locked": {
        "lastModified": 1667110639,
        "narHash": "sha256-4FbPESZ5LbqQxkJJJBAfk/zKgF9h/4kyUwjjpJwYlbc=",
        "owner": "NixOS",
        "repo": "nixpkgs",
        "rev": "f38a1f04d1bec1feb61fd101a0539ae2002a7087",
        "type": "github"
      },
      "original": {
        "id": "nixpkgs",
        "type": "indirect"
      }
    },
    "pari-master": {
      "inputs": {
        "flakeNimbleLib": [
          "flakeNimbleLib"
        ],
        "nixpkgs": [
          "nixpkgs"
        ],
        "src-pari-master": "src-pari-master"
      },
      "locked": {
        "dir": "master",
        "lastModified": 1662254732,
        "narHash": "sha256-Ru3WdOYf3rcZ8C/qg3aNrjI8n5gTHmmZM7QGKiS7TPI=",
        "owner": "nim-nix-pkgs",
        "repo": "pari",
        "rev": "e85223c0dd2b1da961ab5d740774e311ae3053dc",
        "type": "github"
      },
      "original": {
        "dir": "master",
        "owner": "nim-nix-pkgs",
        "ref": "master",
        "repo": "pari",
        "type": "github"
      }
    },
    "root": {
      "inputs": {
        "flakeNimbleLib": "flakeNimbleLib",
        "nixpkgs": "nixpkgs",
        "pari-master": "pari-master"
      }
    },
    "src-pari-master": {
      "flake": false,
      "locked": {
        "lastModified": 1454811378,
        "narHash": "sha256-jHZ+M0vNfRQjDp3qXgziangw8fTyfZjR91h6De6qmKQ=",
        "owner": "lompik",
        "repo": "pari.nim",
        "rev": "4173625287cc3b7365c0312ee8483841139d1f25",
        "type": "github"
      },
      "original": {
        "owner": "lompik",
        "ref": "refs/heads/master",
        "repo": "pari.nim",
        "type": "github"
      }
    }
  },
  "root": "root",
  "version": 7
}
